
Microsoft Visual Studio Solution File, Format Version 12.00
# Visual Studio Version 16
VisualStudioVersion = 16.0.29230.47
MinimumVisualStudioVersion = 10.0.40219.1
Project("{FAE04EC0-301F-11D3-BF4B-00C04F79EFBC}") = "Pirate Board Game", "Pirate Board Game\Pirate Board Game.csproj", "{91B87F1F-89AB-4D8D-9507-B97B7B55227C}"
EndProject
Global
	GlobalSection(SolutionConfigurationPlatforms) = preSolution
		Debug|Any CPU = Debug|Any CPU
		Release|Any CPU = Release|Any CPU
	EndGlobalSection
	GlobalSection(ProjectConfigurationPlatforms) = postSolution
		{91B87F1F-89AB-4D8D-9507-B97B7B55227C}.Debug|Any CPU.ActiveCfg = Debug|Any CPU
		{91B87F1F-89AB-4D8D-9507-B97B7B55227C}.Debug|Any CPU.Build.0 = Debug|Any CPU
		{91B87F1F-89AB-4D8D-9507-B97B7B55227C}.Release|Any CPU.ActiveCfg = Release|Any CPU
		{91B87F1F-89AB-4D8D-9507-B97B7B55227C}.Release|Any CPU.Build.0 = Release|Any CPU
	EndGlobalSection
	GlobalSection(SolutionProperties) = preSolution
		HideSolutionNode = FALSE
	EndGlobalSection
	GlobalSection(ExtensibilityGlobals) = postSolution
		SolutionGuid = {F30B7800-0262-4907-ABDE-FAA83A8F495F}
	EndGlobalSection
EndGlobal
